MISO ULTIMATE SECURITY FREEZE
=============================
Timestamp: 2025-08-19T01:41:17+02:00
Freeze Level: MAXIMUM
Status: ACTIVE QUARANTINE

BASELINE FROZEN:
- Git HEAD: $(git rev-parse HEAD)
- Branch: $(git branch --show-current)
- Training Reports: LOCKED
- Artifacts: READ-ONLY
- Network: ISOLATED

AUTHORIZED ACCESS: CORE TEAM ONLY
EXTERNAL SHARING: PROHIBITED

DO NOT REMOVE THIS FILE WITHOUT SECURITY CLEARANCE
